// !$*UTF8*$!
{
	archiveVersion = 1;
	classes = {
	};
	objectVersion = 48;
	objects = {

/* Begin PBXBuildFile section */
		034B8607205A49E100B767F7 /* AppDelegate.swift in Sources */ = {isa = PBXBuildFile; fileRef = 034B8606205A49E100B767F7 /* AppDelegate.swift */; };
		034B8609205A49E100B767F7 /* ViewController.swift in Sources */ = {isa = PBXBuildFile; fileRef = 034B8608205A49E100B767F7 /* ViewController.swift */; };
		034B860C205A49E100B767F7 /* Main.storyboard in Resources */ = {isa = PBXBuildFile; fileRef = 034B860A205A49E100B767F7 /* Main.storyboard */; };
		034B860E205A49E100B767F7 /* Assets.xcassets in Resources */ = {isa = PBXBuildFile; fileRef = 034B860D205A49E100B767F7 /* Assets.xcassets */; };
		034B8611205A49E100B767F7 /* LaunchScreen.storyboard in Resources */ = {isa = PBXBuildFile; fileRef = 034B860F205A49E100B767F7 /* LaunchScreen.storyboard */; };
		034B861C205A49E100B767F7 /* DynamicTypeFontsTests.swift in Sources */ = {isa = PBXBuildFile; fileRef = 034B861B205A49E100B767F7 /* DynamicTypeFontsTests.swift */; };
		034B8627205A49E100B767F7 /* DynamicTypeFontsUITests.swift in Sources */ = {isa = PBXBuildFile; fileRef = 034B8626205A49E100B767F7 /* DynamicTypeFontsUITests.swift */; };
/* End PBXBuildFile section */

/* Begin PBXContainerItemProxy section */
		034B8618205A49E100B767F7 /* PBXContainerItemProxy */ = {
			isa = PBXContainerItemProxy;
			containerPortal = 034B85FB205A49E100B767F7 /* Project object */;
			proxyType = 1;
			remoteGlobalIDString = 034B8602205A49E100B767F7;
			remoteInfo = DynamicTypeFonts;
		};
		034B8623205A49E100B767F7 /* PBXContainerItemProxy */ = {
			isa = PBXContainerItemProxy;
			containerPortal = 034B85FB205A49E100B767F7 /* Project object */;
			proxyType = 1;
			remoteGlobalIDString = 034B8602205A49E100B767F7;
			remoteInfo = DynamicTypeFonts;
		};
/* End PBXContainerItemProxy section */

/* Begin PBXFileReference section */
		034B8603205A49E100B767F7 /* DynamicTypeFonts.app */ = {isa = PBXFileReference; explicitFileType = wrapper.application; includeInIndex = 0; path = DynamicTypeFonts.app; sourceTree = BUILT_PRODUCTS_DIR; };
		034B8606205A49E100B767F7 /* AppDelegate.swift */ = {isa = PBXFileReference; lastKnownFileType = sourcecode.swift; path = AppDelegate.swift; sourceTree = "<group>"; };
		034B8608205A49E100B767F7 /* ViewController.swift */ = {isa = PBXFileReference; lastKnownFileType = sourcecode.swift; path = ViewController.swift; sourceTree = "<group>"; };
		034B860B205A49E100B767F7 /* Base */ = {isa = PBXFileReference; lastKnownFileType = file.storyboard; name = Base; path = Base.lproj/Main.storyboard; sourceTree = "<group>"; };
		034B860D205A49E100B767F7 /* Assets.xcassets */ = {isa = PBXFileReference; lastKnownFileType = folder.assetcatalog; path = Assets.xcassets; sourceTree = "<group>"; };
		034B8610205A49E100B767F7 /* Base */ = {isa = PBXFileReference; lastKnownFileType = file.storyboard; name = Base; path = Base.lproj/LaunchScreen.storyboard; sourceTree = "<group>"; };
		034B8612205A49E100B767F7 /* Info.plist */ = {isa = PBXFileReference; lastKnownFileType = text.plist.xml; path = Info.plist; sourceTree = "<group>"; };
		034B8617205A49E100B767F7 /* DynamicTypeFontsTests.xctest */ = {isa = PBXFileReference; explicitFileType = wrapper.cfbundle; includeInIndex = 0; path = DynamicTypeFontsTests.xctest; sourceTree = BUILT_PRODUCTS_DIR; };
		034B861B205A49E100B767F7 /* DynamicTypeFontsTests.swift */ = {isa = PBXFileReference; lastKnownFileType = sourcecode.swift; path = DynamicTypeFontsTests.swift; sourceTree = "<group>"; };
		034B861D205A49E100B767F7 /* Info.plist */ = {isa = PBXFileReference; lastKnownFileType = text.plist.xml; path = Info.plist; sourceTree = "<group>"; };
		034B8622205A49E100B767F7 /* DynamicTypeFontsUITests.xctest */ = {isa = PBXFileReference; explicitFileType = wrapper.cfbundle; includeInIndex = 0; path = DynamicTypeFontsUITests.xctest; sourceTree = BUILT_PRODUCTS_DIR; };
		034B8626205A49E100B767F7 /* DynamicTypeFontsUITests.swift */ = {isa = PBXFileReference; lastKnownFileType = sourcecode.swift; path = DynamicTypeFontsUITests.swift; sourceTree = "<group>"; };
		034B8628205A49E100B767F7 /* Info.plist */ = {isa = PBXFileReference; lastKnownFileType = text.plist.xml; path = Info.plist; sourceTree = "<group>"; };
/* End PBXFileReference section */

/* Begin PBXFrameworksBuildPhase section */
		034B8600205A49E100B767F7 /* Frameworks */ = {
			isa = PBXFrameworksBuildPhase;
			buildActionMask = 2147483647;
			files = (
			);
			runOnlyForDeploymentPostprocessing = 0;
		};
		034B8614205A49E100B767F7 /* Frameworks */ = {
			isa = PBXFrameworksBuildPhase;
			buildActionMask = 2147483647;
			files = (
			);
			runOnlyForDeploymentPostprocessing = 0;
		};
		034B861F205A49E100B767F7 /* Frameworks */ = {
			isa = PBXFrameworksBuildPhase;
			buildActionMask = 2147483647;
			files = (
			);
			runOnlyForDeploymentPostprocessing = 0;
		};
/* End PBXFrameworksBuildPhase section */

/* Begin PBXGroup section */
		034B85FA205A49E100B767F7 = {
			isa = PBXGroup;
			children = (
				034B8605205A49E100B767F7 /* DynamicTypeFonts */,
				034B861A205A49E100B767F7 /* DynamicTypeFontsTests */,
				034B8625205A49E100B767F7 /* DynamicTypeFontsUITests */,
				034B8604205A49E100B767F7 /* Products */,
			);
			sourceTree = "<group>";
		};
		034B8604205A49E100B767F7 /* Products */ = {
			isa = PBXGroup;
			children = (
				034B8603205A49E100B767F7 /* DynamicTypeFonts.app */,
				034B8617205A49E100B767F7 /* DynamicTypeFontsTests.xctest */,
				034B8622205A49E100B767F7 /* DynamicTypeFontsUITests.xctest */,
			);
			name = Products;
			sourceTree = "<group>";
		};
		034B8605205A49E100B767F7 /* DynamicTypeFonts */ = {
			isa = PBXGroup;
			children = (
				034B8606205A49E100B767F7 /* AppDelegate.swift */,
				034B8635205A4A2900B767F7 /* StoryBoard */,
				034B8634205A4A0A00B767F7 /* ViewControllers */,
				034B860D205A49E100B767F7 /* Assets.xcassets */,
				034B860F205A49E100B767F7 /* LaunchScreen.storyboard */,
				034B8612205A49E100B767F7 /* Info.plist */,
			);
			path = DynamicTypeFonts;
			sourceTree = "<group>";
		};
		034B861A205A49E100B767F7 /* DynamicTypeFontsTests */ = {
			isa = PBXGroup;
			children = (
				034B861B205A49E100B767F7 /* DynamicTypeFontsTests.swift */,
				034B861D205A49E100B767F7 /* Info.plist */,
			);
			path = DynamicTypeFontsTests;
			sourceTree = "<group>";
		};
		034B8625205A49E100B767F7 /* DynamicTypeFontsUITests */ = {
			isa = PBXGroup;
			children = (
				034B8626205A49E100B767F7 /* DynamicTypeFontsUITests.swift */,
				034B8628205A49E100B767F7 /* Info.plist */,
			);
			path = DynamicTypeFontsUITests;
			sourceTree = "<group>";
		};
		034B8634205A4A0A00B767F7 /* ViewControllers */ = {
			isa = PBXGroup;
			children = (
				034B8608205A49E100B767F7 /* ViewController.swift */,
			);
			path = ViewControllers;
			sourceTree = "<group>";
		};
		034B8635205A4A2900B767F7 /* StoryBoard */ = {
			isa = PBXGroup;
			children = (
				034B860A205A49E100B767F7 /* Main.storyboard */,
			);
			path = StoryBoard;
			sourceTree = "<group>";
		};
/* End PBXGroup section */

/* Begin PBXNativeTarget section */
		034B8602205A49E100B767F7 /* DynamicTypeFonts */ = {
			isa = PBXNativeTarget;
			buildConfigurationList = 034B862B205A49E100B767F7 /* Build configuration list for PBXNativeTarget "DynamicTypeFonts" */;
			buildPhases = (
				034B85FF205A49E100B767F7 /* Sources */,
				034B8600205A49E100B767F7 /* Frameworks */,
				034B8601205A49E100B767F7 /* Resources */,
			);
			buildRules = (
			);
			dependencies = (
			);
			name = DynamicTypeFonts;
			productName = DynamicTypeFonts;
			productReference = 034B8603205A49E100B767F7 /* DynamicTypeFonts.app */;
			productType = "com.apple.product-type.application";
		};
		034B8616205A49E100B767F7 /* DynamicTypeFontsTests */ = {
			isa = PBXNativeTarget;
			buildConfigurationList = 034B862E205A49E100B767F7 /* Build configuration list for PBXNativeTarget "DynamicTypeFontsTests" */;
			buildPhases = (
				034B8613205A49E100B767F7 /* Sources */,
				034B8614205A49E100B767F7 /* Frameworks */,
				034B8615205A49E100B767F7 /* Resources */,
			);
			buildRules = (
			);
			dependencies = (
				034B8619205A49E100B767F7 /* PBXTargetDependency */,
			);
			name = DynamicTypeFontsTests;
			productName = DynamicTypeFontsTests;
			productReference = 034B8617205A49E100B767F7 /* DynamicTypeFontsTests.xctest */;
			productType = "com.apple.product-type.bundle.unit-test";
		};
		034B8621205A49E100B767F7 /* DynamicTypeFontsUITests */ = {
			isa = PBXNativeTarget;
			buildConfigurationList = 034B8631205A49E100B767F7 /* Build configuration list for PBXNativeTarget "DynamicTypeFontsUITests" */;
			buildPhases = (
				034B861E205A49E100B767F7 /* Sources */,
				034B861F205A49E100B767F7 /* Frameworks */,
				034B8620205A49E100B767F7 /* Resources */,
			);
			buildRules = (
			);
			dependencies = (
				034B8624205A49E100B767F7 /* PBXTargetDependency */,
			);
			name = DynamicTypeFontsUITests;
			productName = DynamicTypeFontsUITests;
			productReference = 034B8622205A49E100B767F7 /* DynamicTypeFontsUITests.xctest */;
			productType = "com.apple.product-type.bundle.ui-testing";
		};
/* End PBXNativeTarget section */

/* Begin PBXProject section */
		034B85FB205A49E100B767F7 /* Project object */ = {
			isa = PBXProject;
			attributes = {
				LastSwiftUpdateCheck = 0920;
				LastUpgradeCheck = 0920;
				ORGANIZATIONNAME = "Yudiz Solutions Pvt. Ltd.";
				TargetAttributes = {
					034B8602205A49E100B767F7 = {
						CreatedOnToolsVersion = 9.2;
						ProvisioningStyle = Automatic;
					};
					034B8616205A49E100B767F7 = {
						CreatedOnToolsVersion = 9.2;
						ProvisioningStyle = Automatic;
						TestTargetID = 034B8602205A49E100B767F7;
					};
					034B8621205A49E100B767F7 = {
						CreatedOnToolsVersion = 9.2;
						ProvisioningStyle = Automatic;
						TestTargetID = 034B8602205A49E100B767F7;
					};
				};
			};
			buildConfigurationList = 034B85FE205A49E100B767F7 /* Build configuration list for PBXProject "DynamicTypeFonts" */;
			compatibilityVersion = "Xcode 8.0";
			developmentRegion = en;
			hasScannedForEncodings = 0;
			knownRegions = (
				en,
				Base,
			);
			mainGroup = 034B85FA205A49E100B767F7;
			productRefGroup = 034B8604205A49E100B767F7 /* Products */;
			projectDirPath = "";
			projectRoot = "";
			targets = (
				034B8602205A49E100B767F7 /* DynamicTypeFonts */,
				034B8616205A49E100B767F7 /* DynamicTypeFontsTests */,
				034B8621205A49E100B767F7 /* DynamicTypeFontsUITests */,
			);
		};
/* End PBXProject section */

/* Begin PBXResourcesBuildPhase section */
		034B8601205A49E100B767F7 /* Resources */ = {
			isa = PBXResourcesBuildPhase;
			buildActionMask = 2147483647;
			files = (
				034B8611205A49E100B767F7 /* LaunchScreen.storyboard in Resources */,
				034B860E205A49E100B767F7 /* Assets.xcassets in Resources */,
				034B860C205A49E100B767F7 /* Main.storyboard in Resources */,
			);
			runOnlyForDeploymentPostprocessing = 0;
		};
		034B8615205A49E100B767F7 /* Resources */ = {
			isa = PBXResourcesBuildPhase;
			buildActionMask = 2147483647;
			files = (
			);
			runOnlyForDeploymentPostprocessing = 0;
		};
		034B8620205A49E100B767F7 /* Resources */ = {
			isa = PBXResourcesBuildPhase;
			buildActionMask = 2147483647;
			files = (
			);
			runOnlyForDeploymentPostprocessing = 0;
		};
/* End PBXResourcesBuildPhase section */

/* Begin PBXSourcesBuildPhase section */
		034B85FF205A49E100B767F7 /* Sources */ = {
			isa = PBXSourcesBuildPhase;
			buildActionMask = 2147483647;
			files = (
				034B8609205A49E100B767F7 /* ViewController.swift in Sources */,
				034B8607205A49E100B767F7 /* AppDelegate.swift in Sources */,
			);
			runOnlyForDeploymentPostprocessing = 0;
		};
		034B8613205A49E100B767F7 /* Sources */ = {
			isa = PBXSourcesBuildPhase;
			buildActionMask = 2147483647;
			files = (
				034B861C205A49E100B767F7 /* DynamicTypeFontsTests.swift in Sources */,
			);
			runOnlyForDeploymentPostprocessing = 0;
		};
		034B861E205A49E100B767F7 /* Sources */ = {
			isa = PBXSourcesBuildPhase;
			buildActionMask = 2147483647;
			files = (
				034B8627205A49E100B767F7 /* DynamicTypeFontsUITests.swift in Sources */,
			);
			runOnlyForDeploymentPostprocessing = 0;
		};
/* End PBXSourcesBuildPhase section */

/* Begin PBXTargetDependency section */
		034B8619205A49E100B767F7 /* PBXTargetDependency */ = {
			isa = PBXTargetDependency;
			target = 034B8602205A49E100B767F7 /* DynamicTypeFonts */;
			targetProxy = 034B8618205A49E100B767F7 /* PBXContainerItemProxy */;
		};
		034B8624205A49E100B767F7 /* PBXTargetDependency */ = {
			isa = PBXTargetDependency;
			target = 034B8602205A49E100B767F7 /* DynamicTypeFonts */;
			targetProxy = 034B8623205A49E100B767F7 /* PBXContainerItemProxy */;
		};
/* End PBXTargetDependency section */

/* Begin PBXVariantGroup section */
		034B860A205A49E100B767F7 /* Main.storyboard */ = {
			isa = PBXVariantGroup;
			children = (
				034B860B205A49E100B767F7 /* Base */,
			);
			name = Main.storyboard;
			sourceTree = "<group>";
		};
		034B860F205A49E100B767F7 /* LaunchScreen.storyboard */ = {
			isa = PBXVariantGroup;
			children = (
				034B8610205A49E100B767F7 /* Base */,
			);
			name = LaunchScreen.storyboard;
			sourceTree = "<group>";
		};
/* End PBXVariantGroup section */

/* Begin XCBuildConfiguration section */
		034B8629205A49E100B767F7 /* Debug */ = {
			isa = XCBuildConfiguration;
			buildSettings = {
				ALWAYS_SEARCH_USER_PATHS = NO;
				CLANG_ANALYZER_NONNULL = YES;
				CLANG_ANALYZER_NUMBER_OBJECT_CONVERSION = YES_AGGRESSIVE;
				CLANG_CXX_LANGUAGE_STANDARD = "gnu++14";
				CLANG_CXX_LIBRARY = "libc++";
				CLANG_ENABLE_MODULES = YES;
				CLANG_ENABLE_OBJC_ARC = YES;
				CLANG_WARN_BLOCK_CAPTURE_AUTORELEASING = YES;
				CLANG_WARN_BOOL_CONVERSION = YES;
				CLANG_WARN_COMMA = YES;
				CLANG_WARN_CONSTANT_CONVERSION = YES;
				CLANG_WARN_DIRECT_OBJC_ISA_USAGE = YES_ERROR;
				CLANG_WARN_DOCUMENTATION_COMMENTS = YES;
				CLANG_WARN_EMPTY_BODY = YES;
				CLANG_WARN_ENUM_CONVERSION = YES;
				CLANG_WARN_INFINITE_RECURSION = YES;
				CLANG_WARN_INT_CONVERSION = YES;
				CLANG_WARN_NON_LITERAL_NULL_CONVERSION = YES;
				CLANG_WARN_OBJC_LITERAL_CONVERSION = YES;
				CLANG_WARN_OBJC_ROOT_CLASS = YES_ERROR;
				CLANG_WARN_RANGE_LOOP_ANALYSIS = YES;
				CLANG_WARN_STRICT_PROTOTYPES = YES;
				CLANG_WARN_SUSPICIOUS_MOVE = YES;
				CLANG_WARN_UNGUARDED_AVAILABILITY = YES_AGGRESSIVE;
				CLANG_WARN_UNREACHABLE_CODE = YES;
				CLANG_WARN__DUPLICATE_METHOD_MATCH = YES;
				CODE_SIGN_IDENTITY = "iPhone Developer";
				COPY_PHASE_STRIP = NO;
				DEBUG_INFORMATION_FORMAT = dwarf;
				ENABLE_STRICT_OBJC_MSGSEND = YES;
				ENABLE_TESTABILITY = YES;
				GCC_C_LANGUAGE_STANDARD = gnu11;
				GCC_DYNAMIC_NO_PIC = NO;
				GCC_NO_COMMON_BLOCKS = YES;
				GCC_OPTIMIZATION_LEVEL = 0;
				GCC_PREPROCESSOR_DEFINITIONS = (
					"DEBUG=1",
					"$(inherited)",
				);
				GCC_WARN_64_TO_32_BIT_CONVERSION = YES;
				GCC_WARN_ABOUT_RETURN_TYPE = YES_ERROR;
				GCC_WARN_UNDECLARED_SELECTOR = YES;
				GCC_WARN_UNINITIALIZED_AUTOS = YES_AGGRESSIVE;
				GCC_WARN_UNUSED_FUNCTION = YES;
				GCC_WARN_UNUSED_VARIABLE = YES;
				IPHONEOS_DEPLOYMENT_TARGET = 11.2;
				MTL_ENABLE_DEBUG_INFO = YES;
				ONLY_ACTIVE_ARCH = YES;
				SDKROOT = iphoneos;
				SWIFT_ACTIVE_COMPILATION_CONDITIONS = DEBUG;
				SWIFT_OPTIMIZATION_LEVEL = "-Onone";
			};
			name = Debug;
		};
		034B862A205A49E100B767F7 /* Release */ = {
			isa = XCBuildConfiguration;
			buildSettings = {
				ALWAYS_SEARCH_USER_PATHS = NO;
				CLANG_ANALYZER_NONNULL = YES;
				CLANG_ANALYZER_NUMBER_OBJECT_CONVERSION = YES_AGGRESSIVE;
				CLANG_CXX_LANGUAGE_STANDARD = "gnu++14";
				CLANG_CXX_LIBRARY = "libc++";
				CLANG_ENABLE_MODULES = YES;
				CLANG_ENABLE_OBJC_ARC = YES;
				CLANG_WARN_BLOCK_CAPTURE_AUTORELEASING = YES;
				CLANG_WARN_BOOL_CONVERSION = YES;
				CLANG_WARN_COMMA = YES;
				CLANG_WARN_CONSTANT_CONVERSION = YES;
				CLANG_WARN_DIRECT_OBJC_ISA_USAGE = YES_ERROR;
				CLANG_WARN_DOCUMENTATION_COMMENTS = YES;
				CLANG_WARN_EMPTY_BODY = YES;
				CLANG_WARN_ENUM_CONVERSION = YES;
				CLANG_WARN_INFINITE_RECURSION = YES;
				CLANG_WARN_INT_CONVERSION = YES;
				CLANG_WARN_NON_LITERAL_NULL_CONVERSION = YES;
				CLANG_WARN_OBJC_LITERAL_CONVERSION = YES;
				CLANG_WARN_OBJC_ROOT_CLASS = YES_ERROR;
				CLANG_WARN_RANGE_LOOP_ANALYSIS = YES;
				CLANG_WARN_STRICT_PROTOTYPES = YES;
				CLANG_WARN_SUSPICIOUS_MOVE = YES;
				CLANG_WARN_UNGUARDED_AVAILABILITY = YES_AGGRESSIVE;
				CLANG_WARN_UNREACHABLE_CODE = YES;
				CLANG_WARN__DUPLICATE_METHOD_MATCH = YES;
				CODE_SIGN_IDENTITY = "iPhone Developer";
				COPY_PHASE_STRIP = NO;
				DEBUG_INFORMATION_FORMAT = "dwarf-with-dsym";
				ENABLE_NS_ASSERTIONS = NO;
				ENABLE_STRICT_OBJC_MSGSEND = YES;
				GCC_C_LANGUAGE_STANDARD = gnu11;
				GCC_NO_COMMON_BLOCKS = YES;
				GCC_WARN_64_TO_32_BIT_CONVERSION = YES;
				GCC_WARN_ABOUT_RETURN_TYPE = YES_ERROR;
				GCC_WARN_UNDECLARED_SELECTOR = YES;
				GCC_WARN_UNINITIALIZED_AUTOS = YES_AGGRESSIVE;
				GCC_WARN_UNUSED_FUNCTION = YES;
				GCC_WARN_UNUSED_VARIABLE = YES;
				IPHONEOS_DEPLOYMENT_TARGET = 11.2;
				MTL_ENABLE_DEBUG_INFO = NO;
				SDKROOT = iphoneos;
				SWIFT_OPTIMIZATION_LEVEL = "-Owholemodule";
				VALIDATE_PRODUCT = YES;
			};
			name = Release;
		};
		034B862C205A49E100B767F7 /* Debug */ = {
			isa = XCBuildConfiguration;
			buildSettings = {
				ASSETCATALOG_COMPILER_APPICON_NAME = AppIcon;
				"CODE_SIGN_IDENTITY[sdk=iphoneos*]" = "iPhone Developer";
				CODE_SIGN_STYLE = Automatic;
				DEVELOPMENT_TEAM = M6V6Q3LCXL;
				INFOPLIST_FILE = DynamicTypeFonts/Info.plist;
				IPHONEOS_DEPLOYMENT_TARGET = 11.0;
				LD_RUNPATH_SEARCH_PATHS = "$(inherited) @executable_path/Frameworks";
				PRODUCT_BUNDLE_IDENTIFIER = com.yudiz.DynamicTypeFonts;
				PRODUCT_NAME = "$(TARGET_NAME)";
				PROVISIONING_PROFILE_SPECIFIER = "";
				SWIFT_VERSION = 4.0;
				TARGETED_DEVICE_FAMILY = "1,2";
			};
			name = Debug;
		};
		034B862D205A49E100B767F7 /* Release */ = {
			isa = XCBuildConfiguration;
			buildSettings = {
				ASSETCATALOG_COMPILER_APPICON_NAME = AppIcon;
				"CODE_SIGN_IDENTITY[sdk=iphoneos*]" = "iPhone Developer";
				CODE_SIGN_STYLE = Automatic;
				DEVELOPMENT_TEAM = M6V6Q3LCXL;
				INFOPLIST_FILE = DynamicTypeFonts/Info.plist;
				IPHONEOS_DEPLOYMENT_TARGET = 11.0;
				LD_RUNPATH_SEARCH_PATHS = "$(inherited) @executable_path/Frameworks";
				PRODUCT_BUNDLE_IDENTIFIER = com.yudiz.DynamicTypeFonts;
				PRODUCT_NAME = "$(TARGET_NAME)";
				PROVISIONING_PROFILE_SPECIFIER = "";
				SWIFT_VERSION = 4.0;
				TARGETED_DEVICE_FAMILY = "1,2";
			};
			name = Release;
		};
		034B862F205A49E100B767F7 /* Debug */ = {
			isa = XCBuildConfiguration;
			buildSettings = {
				ALWAYS_EMBED_SWIFT_STANDARD_LIBRARIES = YES;
				BUNDLE_LOADER = "$(TEST_HOST)";
				CODE_SIGN_STYLE = Automatic;
				INFOPLIST_FILE = DynamicTypeFontsTests/Info.plist;
				LD_RUNPATH_SEARCH_PATHS = "$(inherited) @executable_path/Frameworks @loader_path/Frameworks";
				PRODUCT_BUNDLE_IDENTIFIER = "Yudiz-Solutions-Pvt.-Ltd..DynamicTypeFontsTests";
				PRODUCT_NAME = "$(TARGET_NAME)";
				SWIFT_VERSION = 4.0;
				TARGETED_DEVICE_FAMILY = "1,2";
				TEST_HOST = "$(BUILT_PRODUCTS_DIR)/DynamicTypeFonts.app/DynamicTypeFonts";
			};
			name = Debug;
		};
		034B8630205A49E100B767F7 /* Release */ = {
			isa = XCBuildConfiguration;
			buildSettings = {
				ALWAYS_EMBED_SWIFT_STANDARD_LIBRARIES = YES;
				BUNDLE_LOADER = "$(TEST_HOST)";
				CODE_SIGN_STYLE = Automatic;
				INFOPLIST_FILE = DynamicTypeFontsTests/Info.plist;
				LD_RUNPATH_SEARCH_PATHS = "$(inherited) @executable_path/Frameworks @loader_path/Frameworks";
				PRODUCT_BUNDLE_IDENTIFIER = "Yudiz-Solutions-Pvt.-Ltd..DynamicTypeFontsTests";
				PRODUCT_NAME = "$(TARGET_NAME)";
				SWIFT_VERSION = 4.0;
				TARGETED_DEVICE_FAMILY = "1,2";
				TEST_HOST = "$(BUILT_PRODUCTS_DIR)/DynamicTypeFonts.app/DynamicTypeFonts";
			};
			name = Release;
		};
		034B8632205A49E100B767F7 /* Debug */ = {
			isa = XCBuildConfiguration;
			buildSettings = {
				ALWAYS_EMBED_SWIFT_STANDARD_LIBRARIES = YES;
				CODE_SIGN_STYLE = Automatic;
				INFOPLIST_FILE = DynamicTypeFontsUITests/Info.plist;
				LD_RUNPATH_SEARCH_PATHS = "$(inherited) @executable_path/Frameworks @loader_path/Frameworks";
				PRODUCT_BUNDLE_IDENTIFIER = "Yudiz-Solutions-Pvt.-Ltd..DynamicTypeFontsUITests";
				PRODUCT_NAME = "$(TARGET_NAME)";
				SWIFT_VERSION = 4.0;
				TARGETED_DEVICE_FAMILY = "1,2";
				TEST_TARGET_NAME = DynamicTypeFonts;
			};
			name = Debug;
		};
		034B8633205A49E100B767F7 /* Release */ = {
			isa = XCBuildConfiguration;
			buildSettings = {
				ALWAYS_EMBED_SWIFT_STANDARD_LIBRARIES = YES;
				CODE_SIGN_STYLE = Automatic;
				INFOPLIST_FILE = DynamicTypeFontsUITests/Info.plist;
				LD_RUNPATH_SEARCH_PATHS = "$(inherited) @executable_path/Frameworks @loader_path/Frameworks";
				PRODUCT_BUNDLE_IDENTIFIER = "Yudiz-Solutions-Pvt.-Ltd..DynamicTypeFontsUITests";
				PRODUCT_NAME = "$(TARGET_NAME)";
				SWIFT_VERSION = 4.0;
				TARGETED_DEVICE_FAMILY = "1,2";
				TEST_TARGET_NAME = DynamicTypeFonts;
			};
			name = Release;
		};
/* End XCBuildConfiguration section */

/* Begin XCConfigurationList section */
		034B85FE205A49E100B767F7 /* Build configuration list for PBXProject "DynamicTypeFonts" */ = {
			isa = XCConfigurationList;
			buildConfigurations = (
				034B8629205A49E100B767F7 /* Debug */,
				034B862A205A49E100B767F7 /* Release */,
			);
			defaultConfigurationIsVisible = 0;
			defaultConfigurationName = Release;
		};
		034B862B205A49E100B767F7 /* Build configuration list for PBXNativeTarget "DynamicTypeFonts" */ = {
			isa = XCConfigurationList;
			buildConfigurations = (
				034B862C205A49E100B767F7 /* Debug */,
				034B862D205A49E100B767F7 /* Release */,
			);
			defaultConfigurationIsVisible = 0;
			defaultConfigurationName = Release;
		};
		034B862E205A49E100B767F7 /* Build configuration list for PBXNativeTarget "DynamicTypeFontsTests" */ = {
			isa = XCConfigurationList;
			buildConfigurations = (
				034B862F205A49E100B767F7 /* Debug */,
				034B8630205A49E100B767F7 /* Release */,
			);
			defaultConfigurationIsVisible = 0;
			defaultConfigurationName = Release;
		};
		034B8631205A49E100B767F7 /* Build configuration list for PBXNativeTarget "DynamicTypeFontsUITests" */ = {
			isa = XCConfigurationList;
			buildConfigurations = (
				034B8632205A49E100B767F7 /* Debug */,
				034B8633205A49E100B767F7 /* Release */,
			);
			defaultConfigurationIsVisible = 0;
			defaultConfigurationName = Release;
		};
/* End XCConfigurationList section */
	};
	rootObject = 034B85FB205A49E100B767F7 /* Project object */;
}
